
Microsoft Visual Studio Solution File, Format Version 12.00
# Visual Studio Version 17
VisualStudioVersion = 17.11.35327.3
MinimumVisualStudioVersion = 10.0.40219.1
Project("{FAE04EC0-301F-11D3-BF4B-00C04F79EFBC}") = "FinalProject", "FinalProject\FinalProject.csproj", "{F576E382-5C84-47A6-9967-6F6E3490196B}"
EndProject
Global
	GlobalSection(SolutionConfigurationPlatforms) = preSolution
		Debug|Any CPU = Debug|Any CPU
		Release|Any CPU = Release|Any CPU
	EndGlobalSection
	GlobalSection(ProjectConfigurationPlatforms) = postSolution
		{F576E382-5C84-47A6-9967-6F6E3490196B}.Debug|Any CPU.ActiveCfg = Debug|Any CPU
		{F576E382-5C84-47A6-9967-6F6E3490196B}.Debug|Any CPU.Build.0 = Debug|Any CPU
		{F576E382-5C84-47A6-9967-6F6E3490196B}.Release|Any CPU.ActiveCfg = Release|Any CPU
		{F576E382-5C84-47A6-9967-6F6E3490196B}.Release|Any CPU.Build.0 = Release|Any CPU
	EndGlobalSection
	GlobalSection(SolutionProperties) = preSolution
		HideSolutionNode = FALSE
	EndGlobalSection
	GlobalSection(ExtensibilityGlobals) = postSolution
		SolutionGuid = {43534808-B4BC-488B-82A9-EBC35CDBE639}
	EndGlobalSection
EndGlobal
